
Microsoft Visual Studio Solution File, Format Version 12.00
# Visual Studio Version 17
VisualStudioVersion = 17.11.35312.102
MinimumVisualStudioVersion = 10.0.40219.1
Project("{9A19103F-16F7-4668-BE54-9A1E7A4F7556}") = "2_Classsss", "2_Classsss\2_Classsss.csproj", "{EB89DCB0-A7F2-47E2-9A19-49C83B147B2D}"
EndProject
Project("{9A19103F-16F7-4668-BE54-9A1E7A4F7556}") = "2_SinifKutuphanesi", "2_SinifKutuphanesi\2_SinifKutuphanesi.csproj", "{615B0D8F-7272-4FE3-A2B7-9DA378A40662}"
EndProject
Project("{9A19103F-16F7-4668-BE54-9A1E7A4F7556}") = "3_ClassTipleri", "3_ClassTipleri\3_ClassTipleri.csproj", "{BC7159E0-0461-423D-BAB8-2841FC6BED7F}"
EndProject
Project("{9A19103F-16F7-4668-BE54-9A1E7A4F7556}") = "5_ClassType_Partial", "5_ClassType_Partial\5_ClassType_Partial.csproj", "{1B5215BB-3A24-4CB0-A8E7-876055A7B328}"
EndProject
Project("{9A19103F-16F7-4668-BE54-9A1E7A4F7556}") = "6_StaticClass", "7_StaticClass\6_StaticClass.csproj", "{6C2C29BE-E27E-49D5-8837-4F0121C9023B}"
EndProject
Project("{9A19103F-16F7-4668-BE54-9A1E7A4F7556}") = "7_GenericClass", "7_GenericClass\7_GenericClass.csproj", "{97F4EECE-C148-4DD1-A629-BD7545921F2B}"
EndProject
Project("{9A19103F-16F7-4668-BE54-9A1E7A4F7556}") = "8_Collections", "8_Collections\8_Collections.csproj", "{34F3CF6A-8ADB-42C9-9DD3-36296B7C11B8}"
EndProject
Project("{9A19103F-16F7-4668-BE54-9A1E7A4F7556}") = "8_Ornek", "8_Ornek\8_Ornek.csproj", "{935FC52A-A939-4B32-B0D4-398F5E4502B2}"
EndProject
Project("{9A19103F-16F7-4668-BE54-9A1E7A4F7556}") = "8_Collections_Ornek", "8_Collections_Ornek\8_Collections_Ornek.csproj", "{5ED7406E-A8E3-4BF0-B4D6-8E90BEB82ADE}"
EndProject
Project("{9A19103F-16F7-4668-BE54-9A1E7A4F7556}") = "9_OtherKonular", "9_OtherKonular\9_OtherKonular.csproj", "{0E2F0831-153D-4110-8B03-7BF2FC7346E7}"
EndProject
Project("{9A19103F-16F7-4668-BE54-9A1E7A4F7556}") = "10_VAR_TYPE", "10_VAR_TYPE\10_VAR_TYPE.csproj", "{D2DAB638-AC85-4E60-B786-8DB557B131A0}"
EndProject
Project("{9A19103F-16F7-4668-BE54-9A1E7A4F7556}") = "11_AnonymousTypes", "11_AnonymousTypes\11_AnonymousTypes.csproj", "{3A389809-7073-4730-981E-A111CA262274}"
EndProject
Project("{9A19103F-16F7-4668-BE54-9A1E7A4F7556}") = "12_Linq", "12_Linq\12_Linq.csproj", "{29BEB89B-9D8E-4D73-8F0C-B4D045BB6F7F}"
EndProject
Project("{9A19103F-16F7-4668-BE54-9A1E7A4F7556}") = "13_LinqExtenstionMethods", "13_LinqExtenstionMethods\13_LinqExtenstionMethods.csproj", "{A9D95B3E-3E1F-403B-B31C-B98023508C9F}"
EndProject
Project("{9A19103F-16F7-4668-BE54-9A1E7A4F7556}") = "14_ExtensionMetot_Enum", "14_ExtensionMetot_Enum\14_ExtensionMetot_Enum.csproj", "{8CA08CC7-26E2-477B-BC67-B92F031553BF}"
EndProject
Project("{FAE04EC0-301F-11D3-BF4B-00C04F79EFBC}") = "15_XML_Markup_Language", "15_XML_Markup_Language\15_XML_Markup_Language.csproj", "{26ED2AEA-3933-4C6B-B45F-5504C34D798E}"
EndProject
Global
	GlobalSection(SolutionConfigurationPlatforms) = preSolution
		Debug|Any CPU = Debug|Any CPU
		Release|Any CPU = Release|Any CPU
	EndGlobalSection
	GlobalSection(ProjectConfigurationPlatforms) = postSolution
		{EB89DCB0-A7F2-47E2-9A19-49C83B147B2D}.Debug|Any CPU.ActiveCfg = Debug|Any CPU
		{EB89DCB0-A7F2-47E2-9A19-49C83B147B2D}.Debug|Any CPU.Build.0 = Debug|Any CPU
		{EB89DCB0-A7F2-47E2-9A19-49C83B147B2D}.Release|Any CPU.ActiveCfg = Release|Any CPU
		{EB89DCB0-A7F2-47E2-9A19-49C83B147B2D}.Release|Any CPU.Build.0 = Release|Any CPU
		{615B0D8F-7272-4FE3-A2B7-9DA378A40662}.Debug|Any CPU.ActiveCfg = Debug|Any CPU
		{615B0D8F-7272-4FE3-A2B7-9DA378A40662}.Debug|Any CPU.Build.0 = Debug|Any CPU
		{615B0D8F-7272-4FE3-A2B7-9DA378A40662}.Release|Any CPU.ActiveCfg = Release|Any CPU
		{615B0D8F-7272-4FE3-A2B7-9DA378A40662}.Release|Any CPU.Build.0 = Release|Any CPU
		{BC7159E0-0461-423D-BAB8-2841FC6BED7F}.Debug|Any CPU.ActiveCfg = Debug|Any CPU
		{BC7159E0-0461-423D-BAB8-2841FC6BED7F}.Debug|Any CPU.Build.0 = Debug|Any CPU
		{BC7159E0-0461-423D-BAB8-2841FC6BED7F}.Release|Any CPU.ActiveCfg = Release|Any CPU
		{BC7159E0-0461-423D-BAB8-2841FC6BED7F}.Release|Any CPU.Build.0 = Release|Any CPU
		{1B5215BB-3A24-4CB0-A8E7-876055A7B328}.Debug|Any CPU.ActiveCfg = Debug|Any CPU
		{1B5215BB-3A24-4CB0-A8E7-876055A7B328}.Debug|Any CPU.Build.0 = Debug|Any CPU
		{1B5215BB-3A24-4CB0-A8E7-876055A7B328}.Release|Any CPU.ActiveCfg = Release|Any CPU
		{1B5215BB-3A24-4CB0-A8E7-876055A7B328}.Release|Any CPU.Build.0 = Release|Any CPU
		{6C2C29BE-E27E-49D5-8837-4F0121C9023B}.Debug|Any CPU.ActiveCfg = Debug|Any CPU
		{6C2C29BE-E27E-49D5-8837-4F0121C9023B}.Debug|Any CPU.Build.0 = Debug|Any CPU
		{6C2C29BE-E27E-49D5-8837-4F0121C9023B}.Release|Any CPU.ActiveCfg = Release|Any CPU
		{6C2C29BE-E27E-49D5-8837-4F0121C9023B}.Release|Any CPU.Build.0 = Release|Any CPU
		{97F4EECE-C148-4DD1-A629-BD7545921F2B}.Debug|Any CPU.ActiveCfg = Debug|Any CPU
		{97F4EECE-C148-4DD1-A629-BD7545921F2B}.Debug|Any CPU.Build.0 = Debug|Any CPU
		{97F4EECE-C148-4DD1-A629-BD7545921F2B}.Release|Any CPU.ActiveCfg = Release|Any CPU
		{97F4EECE-C148-4DD1-A629-BD7545921F2B}.Release|Any CPU.Build.0 = Release|Any CPU
		{34F3CF6A-8ADB-42C9-9DD3-36296B7C11B8}.Debug|Any CPU.ActiveCfg = Debug|Any CPU
		{34F3CF6A-8ADB-42C9-9DD3-36296B7C11B8}.Debug|Any CPU.Build.0 = Debug|Any CPU
		{34F3CF6A-8ADB-42C9-9DD3-36296B7C11B8}.Release|Any CPU.ActiveCfg = Release|Any CPU
		{34F3CF6A-8ADB-42C9-9DD3-36296B7C11B8}.Release|Any CPU.Build.0 = Release|Any CPU
		{935FC52A-A939-4B32-B0D4-398F5E4502B2}.Debug|Any CPU.ActiveCfg = Debug|Any CPU
		{935FC52A-A939-4B32-B0D4-398F5E4502B2}.Debug|Any CPU.Build.0 = Debug|Any CPU
		{935FC52A-A939-4B32-B0D4-398F5E4502B2}.Release|Any CPU.ActiveCfg = Release|Any CPU
		{935FC52A-A939-4B32-B0D4-398F5E4502B2}.Release|Any CPU.Build.0 = Release|Any CPU
		{5ED7406E-A8E3-4BF0-B4D6-8E90BEB82ADE}.Debug|Any CPU.ActiveCfg = Debug|Any CPU
		{5ED7406E-A8E3-4BF0-B4D6-8E90BEB82ADE}.Debug|Any CPU.Build.0 = Debug|Any CPU
		{5ED7406E-A8E3-4BF0-B4D6-8E90BEB82ADE}.Release|Any CPU.ActiveCfg = Release|Any CPU
		{5ED7406E-A8E3-4BF0-B4D6-8E90BEB82ADE}.Release|Any CPU.Build.0 = Release|Any CPU
		{0E2F0831-153D-4110-8B03-7BF2FC7346E7}.Debug|Any CPU.ActiveCfg = Debug|Any CPU
		{0E2F0831-153D-4110-8B03-7BF2FC7346E7}.Debug|Any CPU.Build.0 = Debug|Any CPU
		{0E2F0831-153D-4110-8B03-7BF2FC7346E7}.Release|Any CPU.ActiveCfg = Release|Any CPU
		{0E2F0831-153D-4110-8B03-7BF2FC7346E7}.Release|Any CPU.Build.0 = Release|Any CPU
		{D2DAB638-AC85-4E60-B786-8DB557B131A0}.Debug|Any CPU.ActiveCfg = Debug|Any CPU
		{D2DAB638-AC85-4E60-B786-8DB557B131A0}.Debug|Any CPU.Build.0 = Debug|Any CPU
		{D2DAB638-AC85-4E60-B786-8DB557B131A0}.Release|Any CPU.ActiveCfg = Release|Any CPU
		{D2DAB638-AC85-4E60-B786-8DB557B131A0}.Release|Any CPU.Build.0 = Release|Any CPU
		{3A389809-7073-4730-981E-A111CA262274}.Debug|Any CPU.ActiveCfg = Debug|Any CPU
		{3A389809-7073-4730-981E-A111CA262274}.Debug|Any CPU.Build.0 = Debug|Any CPU
		{3A389809-7073-4730-981E-A111CA262274}.Release|Any CPU.ActiveCfg = Release|Any CPU
		{3A389809-7073-4730-981E-A111CA262274}.Release|Any CPU.Build.0 = Release|Any CPU
		{29BEB89B-9D8E-4D73-8F0C-B4D045BB6F7F}.Debug|Any CPU.ActiveCfg = Debug|Any CPU
		{29BEB89B-9D8E-4D73-8F0C-B4D045BB6F7F}.Debug|Any CPU.Build.0 = Debug|Any CPU
		{29BEB89B-9D8E-4D73-8F0C-B4D045BB6F7F}.Release|Any CPU.ActiveCfg = Release|Any CPU
		{29BEB89B-9D8E-4D73-8F0C-B4D045BB6F7F}.Release|Any CPU.Build.0 = Release|Any CPU
		{A9D95B3E-3E1F-403B-B31C-B98023508C9F}.Debug|Any CPU.ActiveCfg = Debug|Any CPU
		{A9D95B3E-3E1F-403B-B31C-B98023508C9F}.Debug|Any CPU.Build.0 = Debug|Any CPU
		{A9D95B3E-3E1F-403B-B31C-B98023508C9F}.Release|Any CPU.ActiveCfg = Release|Any CPU
		{A9D95B3E-3E1F-403B-B31C-B98023508C9F}.Release|Any CPU.Build.0 = Release|Any CPU
		{8CA08CC7-26E2-477B-BC67-B92F031553BF}.Debug|Any CPU.ActiveCfg = Debug|Any CPU
		{8CA08CC7-26E2-477B-BC67-B92F031553BF}.Debug|Any CPU.Build.0 = Debug|Any CPU
		{8CA08CC7-26E2-477B-BC67-B92F031553BF}.Release|Any CPU.ActiveCfg = Release|Any CPU
		{8CA08CC7-26E2-477B-BC67-B92F031553BF}.Release|Any CPU.Build.0 = Release|Any CPU
		{26ED2AEA-3933-4C6B-B45F-5504C34D798E}.Debug|Any CPU.ActiveCfg = Debug|Any CPU
		{26ED2AEA-3933-4C6B-B45F-5504C34D798E}.Debug|Any CPU.Build.0 = Debug|Any CPU
		{26ED2AEA-3933-4C6B-B45F-5504C34D798E}.Release|Any CPU.ActiveCfg = Release|Any CPU
		{26ED2AEA-3933-4C6B-B45F-5504C34D798E}.Release|Any CPU.Build.0 = Release|Any CPU
	EndGlobalSection
	GlobalSection(SolutionProperties) = preSolution
		HideSolutionNode = FALSE
	EndGlobalSection
	GlobalSection(ExtensibilityGlobals) = postSolution
		SolutionGuid = {A0C92504-8B01-42B9-8B36-123BEF71E1E0}
	EndGlobalSection
EndGlobal
